[[package]]
name = "ircmessage"
version = "0.1.1"
description = "A simple Python module for applying and stripping formatting from IRC messages."
category = "main"
optional = false
python-versions = "*"

[package.dependencies]
six = ">=1.10.0,<1.11"

[[package]]
name = "pydle"
version = "0.8.5"
description = "A compact, flexible and standards-abiding IRC library for Python 3."
category = "main"
optional = false
python-versions = "*"

[package.extras]
coverage = ["pytest-cov"]
docs = ["sphinx-rtd-theme"]
sasl = ["pure-sasl (>=0.1.6)"]
tests = ["pytest"]

[[package]]
name = "PyYAML"
version = "5.1"
description = "YAML parser and emitter for Python"
category = "main"
optional = false
python-versions = ">=2.7, !=3.0.*, !=3.1.*, !=3.2.*, !=3.3.*"

[[package]]
name = "six"
version = "1.10.0"
description = "Python 2 and 3 compatibility utilities"
category = "main"
optional = false
python-versions = "*"

[[package]]
name = "sqlitedict"
version = "1.6.0"
description = "Persistent dict in Python, backed up by sqlite3 and pickle, multithread-safe."
category = "main"
optional = false
python-versions = "*"

[[package]]
name = "tornado"
version = "4.5.3"
description = "Tornado is a Python web framework and asynchronous networking library, originally developed at FriendFeed."
category = "main"
optional = false
python-versions = "*"

[metadata]
lock-version = "1.1"
python-versions = "^3.7"
content-hash = "4d31abcdad051ceec2d54bf8acc20d2d42ba8348d22c91f93a0c985e6ae20efb"

[metadata.files]
ircmessage = [
    {file = "ircmessage-0.1.1.tar.gz", hash = "sha256:e5b6d7979f7fc2a21b1e9b7605a1c43bb7522dc3cf855013a7cfdcee42bcf09f"},
]
pydle = [
    {file = "pydle-0.8.5-py3-none-any.whl", hash = "sha256:046c16ac119734cde969e5519255a9e4eae98976cf5262e13975aeb219041b2a"},
    {file = "pydle-0.8.5.tar.gz", hash = "sha256:d801b03d902b0265fe4c7450b8880d7a01e424cbc985edf578a610c5cdbce75a"},
]
PyYAML = [
    {file = "PyYAML-5.1-cp27-cp27m-win32.whl", hash = "sha256:460a5a4248763f6f37ea225d19d5c205677d8d525f6a83357ca622ed541830c2"},
    {file = "PyYAML-5.1-cp27-cp27m-win_amd64.whl", hash = "sha256:9372b04a02080752d9e6f990179a4ab840227c6e2ce15b95e1278456664cf2ba"},
    {file = "PyYAML-5.1-cp34-cp34m-win32.whl", hash = "sha256:aee5bab92a176e7cd034e57f46e9df9a9862a71f8f37cad167c6fc74c65f5b4e"},
    {file = "PyYAML-5.1-cp34-cp34m-win_amd64.whl", hash = "sha256:c51f642898c0bacd335fc119da60baae0824f2cde95b0330b56c0553439f0673"},
    {file = "PyYAML-5.1-cp35-cp35m-win32.whl", hash = "sha256:a5dcbebee834eaddf3fa7366316b880ff4062e4bcc9787b78c7fbb4a26ff2dd1"},
    {file = "PyYAML-5.1-cp35-cp35m-win_amd64.whl", hash = "sha256:7a5d3f26b89d688db27822343dfa25c599627bc92093e788956372285c6298ad"},
    {file = "PyYAML-5.1-cp36-cp36m-win32.whl", hash = "sha256:1adecc22f88d38052fb787d959f003811ca858b799590a5eaa70e63dca50308c"},
    {file = "PyYAML-5.1-cp36-cp36m-win_amd64.whl", hash = "sha256:5a22a9c84653debfbf198d02fe592c176ea548cccce47553f35f466e15cf2fd4"},
    {file = "PyYAML-5.1-cp37-cp37m-win32.whl", hash = "sha256:e23d0cc5299223dcc37885dae624f382297717e459ea24053709675a976a3e19"},
    {file = "PyYAML-5.1-cp37-cp37m-win_amd64.whl", hash = "sha256:c68ea4d3ba1705da1e0d85da6684ac657912679a649e8868bd850d2c299cce13"},
    {file = "PyYAML-5.1.tar.gz", hash = "sha256:436bc774ecf7c103814098159fbb84c2715d25980175292c648f2da143909f95"},
]
six = [
    {file = "six-1.10.0-py2.py3-none-any.whl", hash = "sha256:0ff78c403d9bccf5a425a6d31a12aa6b47f1c21ca4dc2573a7e2f32a97335eb1"},
    {file = "six-1.10.0.tar.gz", hash = "sha256:105f8d68616f8248e24bf0e9372ef04d3cc10104f1980f54d57b2ce73a5ad56a"},
]
sqlitedict = [
    {file = "sqlitedict-1.6.0.tar.gz", hash = "sha256:483d6a063c4648dec68d413eb29df74399661f8541dcb3ee926d28fc2f82cb24"},
]
tornado = [
    {file = "tornado-4.5.3-cp35-cp35m-win32.whl", hash = "sha256:92b7ca81e18ba9ec3031a7ee73d4577ac21d41a0c9b775a9182f43301c3b5f8e"},
    {file = "tornado-4.5.3-cp35-cp35m-win_amd64.whl", hash = "sha256:b36298e9f63f18cad97378db2222c0e0ca6a55f6304e605515e05a25483ed51a"},
    {file = "tornado-4.5.3-cp36-cp36m-win32.whl", hash = "sha256:ab587996fe6fb9ce65abfda440f9b61e4f9f2cf921967723540679176915e4c3"},
    {file = "tornado-4.5.3-cp36-cp36m-win_amd64.whl", hash = "sha256:5ef073ac6180038ccf99411fe05ae9aafb675952a2c8db60592d5daf8401f803"},
    {file = "tornado-4.5.3.tar.gz", hash = "sha256:6d14e47eab0e15799cf3cdcc86b0b98279da68522caace2bd7ce644287685f0a"},
]
